// !$*UTF8*$!
{
	archiveVersion = 1;
	classes = {
	};
	objectVersion = 77;
	objects = {

/* Begin PBXContainerItemProxy section */
		DBB7A24E2CFDBFCE00B8995D /* PBXContainerItemProxy */ = {
			isa = PBXContainerItemProxy;
			containerPortal = DBB7A2352CFDBFCC00B8995D /* Project object */;
			proxyType = 1;
			remoteGlobalIDString = DBB7A23C2CFDBFCC00B8995D;
			remoteInfo = AITIOSTodo;
		};
		DBB7A2582CFDBFCE00B8995D /* PBXContainerItemProxy */ = {
			isa = PBXContainerItemProxy;
			containerPortal = DBB7A2352CFDBFCC00B8995D /* Project object */;
			proxyType = 1;
			remoteGlobalIDString = DBB7A23C2CFDBFCC00B8995D;
			remoteInfo = AITIOSTodo;
		};
/* End PBXContainerItemProxy section */

/* Begin PBXFileReference section */
		DBB7A23D2CFDBFCC00B8995D /* AITIOSTodo.app */ = {isa = PBXFileReference; explicitFileType = wrapper.application; includeInIndex = 0; path = AITIOSTodo.app; sourceTree = BUILT_PRODUCTS_DIR; };
		DBB7A24D2CFDBFCE00B8995D /* AITIOSTodoTests.xctest */ = {isa = PBXFileReference; explicitFileType = wrapper.cfbundle; includeInIndex = 0; path = AITIOSTodoTests.xctest; sourceTree = BUILT_PRODUCTS_DIR; };
		DBB7A2572CFDBFCE00B8995D /* AITIOSTodoUITests.xctest */ = {isa = PBXFileReference; explicitFileType = wrapper.cfbundle; includeInIndex = 0; path = AITIOSTodoUITests.xctest; sourceTree = BUILT_PRODUCTS_DIR; };
/* End PBXFileReference section */

/* Begin PBXFileSystemSynchronizedRootGroup section */
		DBB7A23F2CFDBFCC00B8995D /* AITIOSTodo */ = {
			isa = PBXFileSystemSynchronizedRootGroup;
			path = AITIOSTodo;
			sourceTree = "<group>";
		};
		DBB7A2502CFDBFCE00B8995D /* AITIOSTodoTests */ = {
			isa = PBXFileSystemSynchronizedRootGroup;
			path = AITIOSTodoTests;
			sourceTree = "<group>";
		};
		DBB7A25A2CFDBFCE00B8995D /* AITIOSTodoUITests */ = {
			isa = PBXFileSystemSynchronizedRootGroup;
			path = AITIOSTodoUITests;
			sourceTree = "<group>";
		};
/* End PBXFileSystemSynchronizedRootGroup section */

/* Begin PBXFrameworksBuildPhase section */
		DBB7A23A2CFDBFCC00B8995D /* Frameworks */ = {
			isa = PBXFrameworksBuildPhase;
			buildActionMask = 2147483647;
			files = (
			);
			runOnlyForDeploymentPostprocessing = 0;
		};
		DBB7A24A2CFDBFCE00B8995D /* Frameworks */ = {
			isa = PBXFrameworksBuildPhase;
			buildActionMask = 2147483647;
			files = (
			);
			runOnlyForDeploymentPostprocessing = 0;
		};
		DBB7A2542CFDBFCE00B8995D /* Frameworks */ = {
			isa = PBXFrameworksBuildPhase;
			buildActionMask = 2147483647;
			files = (
			);
			runOnlyForDeploymentPostprocessing = 0;
		};
/* End PBXFrameworksBuildPhase section */

/* Begin PBXGroup section */
		DBB7A2342CFDBFCC00B8995D = {
			isa = PBXGroup;
			children = (
				DBB7A23F2CFDBFCC00B8995D /* AITIOSTodo */,
				DBB7A2502CFDBFCE00B8995D /* AITIOSTodoTests */,
				DBB7A25A2CFDBFCE00B8995D /* AITIOSTodoUITests */,
				DBB7A23E2CFDBFCC00B8995D /* Products */,
			);
			sourceTree = "<group>";
		};
		DBB7A23E2CFDBFCC00B8995D /* Products */ = {
			isa = PBXGroup;
			children = (
				DBB7A23D2CFDBFCC00B8995D /* AITIOSTodo.app */,
				DBB7A24D2CFDBFCE00B8995D /* AITIOSTodoTests.xctest */,
				DBB7A2572CFDBFCE00B8995D /* AITIOSTodoUITests.xctest */,
			);
			name = Products;
			sourceTree = "<group>";
		};
/* End PBXGroup section */

/* Begin PBXNativeTarget section */
		DBB7A23C2CFDBFCC00B8995D /* AITIOSTodo */ = {
			isa = PBXNativeTarget;
			buildConfigurationList = DBB7A2612CFDBFCE00B8995D /* Build configuration list for PBXNativeTarget "AITIOSTodo" */;
			buildPhases = (
				DBB7A2392CFDBFCC00B8995D /* Sources */,
				DBB7A23A2CFDBFCC00B8995D /* Frameworks */,
				DBB7A23B2CFDBFCC00B8995D /* Resources */,
			);
			buildRules = (
			);
			dependencies = (
			);
			fileSystemSynchronizedGroups = (
				DBB7A23F2CFDBFCC00B8995D /* AITIOSTodo */,
			);
			name = AITIOSTodo;
			packageProductDependencies = (
			);
			productName = AITIOSTodo;
			productReference = DBB7A23D2CFDBFCC00B8995D /* AITIOSTodo.app */;
			productType = "com.apple.product-type.application";
		};
		DBB7A24C2CFDBFCE00B8995D /* AITIOSTodoTests */ = {
			isa = PBXNativeTarget;
			buildConfigurationList = DBB7A2642CFDBFCE00B8995D /* Build configuration list for PBXNativeTarget "AITIOSTodoTests" */;
			buildPhases = (
				DBB7A2492CFDBFCE00B8995D /* Sources */,
				DBB7A24A2CFDBFCE00B8995D /* Frameworks */,
				DBB7A24B2CFDBFCE00B8995D /* Resources */,
			);
			buildRules = (
			);
			dependencies = (
				DBB7A24F2CFDBFCE00B8995D /* PBXTargetDependency */,
			);
			fileSystemSynchronizedGroups = (
				DBB7A2502CFDBFCE00B8995D /* AITIOSTodoTests */,
			);
			name = AITIOSTodoTests;
			packageProductDependencies = (
			);
			productName = AITIOSTodoTests;
			productReference = DBB7A24D2CFDBFCE00B8995D /* AITIOSTodoTests.xctest */;
			productType = "com.apple.product-type.bundle.unit-test";
		};
		DBB7A2562CFDBFCE00B8995D /* AITIOSTodoUITests */ = {
			isa = PBXNativeTarget;
			buildConfigurationList = DBB7A2672CFDBFCE00B8995D /* Build configuration list for PBXNativeTarget "AITIOSTodoUITests" */;
			buildPhases = (
				DBB7A2532CFDBFCE00B8995D /* Sources */,
				DBB7A2542CFDBFCE00B8995D /* Frameworks */,
				DBB7A2552CFDBFCE00B8995D /* Resources */,
			);
			buildRules = (
			);
			dependencies = (
				DBB7A2592CFDBFCE00B8995D /* PBXTargetDependency */,
			);
			fileSystemSynchronizedGroups = (
				DBB7A25A2CFDBFCE00B8995D /* AITIOSTodoUITests */,
			);
			name = AITIOSTodoUITests;
			packageProductDependencies = (
			);
			productName = AITIOSTodoUITests;
			productReference = DBB7A2572CFDBFCE00B8995D /* AITIOSTodoUITests.xctest */;
			productType = "com.apple.product-type.bundle.ui-testing";
		};
/* End PBXNativeTarget section */

/* Begin PBXProject section */
		DBB7A2352CFDBFCC00B8995D /* Project object */ = {
			isa = PBXProject;
			attributes = {
				BuildIndependentTargetsInParallel = 1;
				LastSwiftUpdateCheck = 1610;
				LastUpgradeCheck = 1610;
				TargetAttributes = {
					DBB7A23C2CFDBFCC00B8995D = {
						CreatedOnToolsVersion = 16.1;
					};
					DBB7A24C2CFDBFCE00B8995D = {
						CreatedOnToolsVersion = 16.1;
						TestTargetID = DBB7A23C2CFDBFCC00B8995D;
					};
					DBB7A2562CFDBFCE00B8995D = {
						CreatedOnToolsVersion = 16.1;
						TestTargetID = DBB7A23C2CFDBFCC00B8995D;
					};
				};
			};
			buildConfigurationList = DBB7A2382CFDBFCC00B8995D /* Build configuration list for PBXProject "AITIOSTodo" */;
			developmentRegion = en;
			hasScannedForEncodings = 0;
			knownRegions = (
				en,
				Base,
			);
			mainGroup = DBB7A2342CFDBFCC00B8995D;
			minimizedProjectReferenceProxies = 1;
			preferredProjectObjectVersion = 77;
			productRefGroup = DBB7A23E2CFDBFCC00B8995D /* Products */;
			projectDirPath = "";
			projectRoot = "";
			targets = (
				DBB7A23C2CFDBFCC00B8995D /* AITIOSTodo */,
				DBB7A24C2CFDBFCE00B8995D /* AITIOSTodoTests */,
				DBB7A2562CFDBFCE00B8995D /* AITIOSTodoUITests */,
			);
		};
/* End PBXProject section */

/* Begin PBXResourcesBuildPhase section */
		DBB7A23B2CFDBFCC00B8995D /* Resources */ = {
			isa = PBXResourcesBuildPhase;
			buildActionMask = 2147483647;
			files = (
			);
			runOnlyForDeploymentPostprocessing = 0;
		};
		DBB7A24B2CFDBFCE00B8995D /* Resources */ = {
			isa = PBXResourcesBuildPhase;
			buildActionMask = 2147483647;
			files = (
			);
			runOnlyForDeploymentPostprocessing = 0;
		};
		DBB7A2552CFDBFCE00B8995D /* Resources */ = {
			isa = PBXResourcesBuildPhase;
			buildActionMask = 2147483647;
			files = (
			);
			runOnlyForDeploymentPostprocessing = 0;
		};
/* End PBXResourcesBuildPhase section */

/* Begin PBXSourcesBuildPhase section */
		DBB7A2392CFDBFCC00B8995D /* Sources */ = {
			isa = PBXSourcesBuildPhase;
			buildActionMask = 2147483647;
			files = (
			);
			runOnlyForDeploymentPostprocessing = 0;
		};
		DBB7A2492CFDBFCE00B8995D /* Sources */ = {
			isa = PBXSourcesBuildPhase;
			buildActionMask = 2147483647;
			files = (
			);
			runOnlyForDeploymentPostprocessing = 0;
		};
		DBB7A2532CFDBFCE00B8995D /* Sources */ = {
			isa = PBXSourcesBuildPhase;
			buildActionMask = 2147483647;
			files = (
			);
			runOnlyForDeploymentPostprocessing = 0;
		};
/* End PBXSourcesBuildPhase section */

/* Begin PBXTargetDependency section */
		DBB7A24F2CFDBFCE00B8995D /* PBXTargetDependency */ = {
			isa = PBXTargetDependency;
			target = DBB7A23C2CFDBFCC00B8995D /* AITIOSTodo */;
			targetProxy = DBB7A24E2CFDBFCE00B8995D /* PBXContainerItemProxy */;
		};
		DBB7A2592CFDBFCE00B8995D /* PBXTargetDependency */ = {
			isa = PBXTargetDependency;
			target = DBB7A23C2CFDBFCC00B8995D /* AITIOSTodo */;
			targetProxy = DBB7A2582CFDBFCE00B8995D /* PBXContainerItemProxy */;
		};
/* End PBXTargetDependency section */

/* Begin XCBuildConfiguration section */
		DBB7A25F2CFDBFCE00B8995D /* Debug */ = {
			isa = XCBuildConfiguration;
			buildSettings = {
				ALWAYS_SEARCH_USER_PATHS = NO;
				ASSETCATALOG_COMPILER_GENERATE_SWIFT_ASSET_SYMBOL_EXTENSIONS = YES;
				CLANG_ANALYZER_NONNULL = YES;
				CLANG_ANALYZER_NUMBER_OBJECT_CONVERSION = YES_AGGRESSIVE;
				CLANG_CXX_LANGUAGE_STANDARD = "gnu++20";
				CLANG_ENABLE_MODULES = YES;
				CLANG_ENABLE_OBJC_ARC = YES;
				CLANG_ENABLE_OBJC_WEAK = YES;
				CLANG_WARN_BLOCK_CAPTURE_AUTORELEASING = YES;
				CLANG_WARN_BOOL_CONVERSION = YES;
				CLANG_WARN_COMMA = YES;
				CLANG_WARN_CONSTANT_CONVERSION = YES;
				CLANG_WARN_DEPRECATED_OBJC_IMPLEMENTATIONS = YES;
				CLANG_WARN_DIRECT_OBJC_ISA_USAGE = YES_ERROR;
				CLANG_WARN_DOCUMENTATION_COMMENTS = YES;
				CLANG_WARN_EMPTY_BODY = YES;
				CLANG_WARN_ENUM_CONVERSION = YES;
				CLANG_WARN_INFINITE_RECURSION = YES;
				CLANG_WARN_INT_CONVERSION = YES;
				CLANG_WARN_NON_LITERAL_NULL_CONVERSION = YES;
				CLANG_WARN_OBJC_IMPLICIT_RETAIN_SELF = YES;
				CLANG_WARN_OBJC_LITERAL_CONVERSION = YES;
				CLANG_WARN_OBJC_ROOT_CLASS = YES_ERROR;
				CLANG_WARN_QUOTED_INCLUDE_IN_FRAMEWORK_HEADER = YES;
				CLANG_WARN_RANGE_LOOP_ANALYSIS = YES;
				CLANG_WARN_STRICT_PROTOTYPES = YES;
				CLANG_WARN_SUSPICIOUS_MOVE = YES;
				CLANG_WARN_UNGUARDED_AVAILABILITY = YES_AGGRESSIVE;
				CLANG_WARN_UNREACHABLE_CODE = YES;
				CLANG_WARN__DUPLICATE_METHOD_MATCH = YES;
				COPY_PHASE_STRIP = NO;
				DEBUG_INFORMATION_FORMAT = dwarf;
				ENABLE_STRICT_OBJC_MSGSEND = YES;
				ENABLE_TESTABILITY = YES;
				ENABLE_USER_SCRIPT_SANDBOXING = YES;
				GCC_C_LANGUAGE_STANDARD = gnu17;
				GCC_DYNAMIC_NO_PIC = NO;
				GCC_NO_COMMON_BLOCKS = YES;
				GCC_OPTIMIZATION_LEVEL = 0;
				GCC_PREPROCESSOR_DEFINITIONS = (
					"DEBUG=1",
					"$(inherited)",
				);
				GCC_WARN_64_TO_32_BIT_CONVERSION = YES;
				GCC_WARN_ABOUT_RETURN_TYPE = YES_ERROR;
				GCC_WARN_UNDECLARED_SELECTOR = YES;
				GCC_WARN_UNINITIALIZED_AUTOS = YES_AGGRESSIVE;
				GCC_WARN_UNUSED_FUNCTION = YES;
				GCC_WARN_UNUSED_VARIABLE = YES;
				IPHONEOS_DEPLOYMENT_TARGET = 18.1;
				LOCALIZATION_PREFERS_STRING_CATALOGS = YES;
				MTL_ENABLE_DEBUG_INFO = INCLUDE_SOURCE;
				MTL_FAST_MATH = YES;
				ONLY_ACTIVE_ARCH = YES;
				SDKROOT = iphoneos;
				SWIFT_ACTIVE_COMPILATION_CONDITIONS = "DEBUG $(inherited)";
				SWIFT_OPTIMIZATION_LEVEL = "-Onone";
			};
			name = Debug;
		};
		DBB7A2602CFDBFCE00B8995D /* Release */ = {
			isa = XCBuildConfiguration;
			buildSettings = {
				ALWAYS_SEARCH_USER_PATHS = NO;
				ASSETCATALOG_COMPILER_GENERATE_SWIFT_ASSET_SYMBOL_EXTENSIONS = YES;
				CLANG_ANALYZER_NONNULL = YES;
				CLANG_ANALYZER_NUMBER_OBJECT_CONVERSION = YES_AGGRESSIVE;
				CLANG_CXX_LANGUAGE_STANDARD = "gnu++20";
				CLANG_ENABLE_MODULES = YES;
				CLANG_ENABLE_OBJC_ARC = YES;
				CLANG_ENABLE_OBJC_WEAK = YES;
				CLANG_WARN_BLOCK_CAPTURE_AUTORELEASING = YES;
				CLANG_WARN_BOOL_CONVERSION = YES;
				CLANG_WARN_COMMA = YES;
				CLANG_WARN_CONSTANT_CONVERSION = YES;
				CLANG_WARN_DEPRECATED_OBJC_IMPLEMENTATIONS = YES;
				CLANG_WARN_DIRECT_OBJC_ISA_USAGE = YES_ERROR;
				CLANG_WARN_DOCUMENTATION_COMMENTS = YES;
				CLANG_WARN_EMPTY_BODY = YES;
				CLANG_WARN_ENUM_CONVERSION = YES;
				CLANG_WARN_INFINITE_RECURSION = YES;
				CLANG_WARN_INT_CONVERSION = YES;
				CLANG_WARN_NON_LITERAL_NULL_CONVERSION = YES;
				CLANG_WARN_OBJC_IMPLICIT_RETAIN_SELF = YES;
				CLANG_WARN_OBJC_LITERAL_CONVERSION = YES;
				CLANG_WARN_OBJC_ROOT_CLASS = YES_ERROR;
				CLANG_WARN_QUOTED_INCLUDE_IN_FRAMEWORK_HEADER = YES;
				CLANG_WARN_RANGE_LOOP_ANALYSIS = YES;
				CLANG_WARN_STRICT_PROTOTYPES = YES;
				CLANG_WARN_SUSPICIOUS_MOVE = YES;
				CLANG_WARN_UNGUARDED_AVAILABILITY = YES_AGGRESSIVE;
				CLANG_WARN_UNREACHABLE_CODE = YES;
				CLANG_WARN__DUPLICATE_METHOD_MATCH = YES;
				COPY_PHASE_STRIP = NO;
				DEBUG_INFORMATION_FORMAT = "dwarf-with-dsym";
				ENABLE_NS_ASSERTIONS = NO;
				ENABLE_STRICT_OBJC_MSGSEND = YES;
				ENABLE_USER_SCRIPT_SANDBOXING = YES;
				GCC_C_LANGUAGE_STANDARD = gnu17;
				GCC_NO_COMMON_BLOCKS = YES;
				GCC_WARN_64_TO_32_BIT_CONVERSION = YES;
				GCC_WARN_ABOUT_RETURN_TYPE = YES_ERROR;
				GCC_WARN_UNDECLARED_SELECTOR = YES;
				GCC_WARN_UNINITIALIZED_AUTOS = YES_AGGRESSIVE;
				GCC_WARN_UNUSED_FUNCTION = YES;
				GCC_WARN_UNUSED_VARIABLE = YES;
				IPHONEOS_DEPLOYMENT_TARGET = 18.1;
				LOCALIZATION_PREFERS_STRING_CATALOGS = YES;
				MTL_ENABLE_DEBUG_INFO = NO;
				MTL_FAST_MATH = YES;
				SDKROOT = iphoneos;
				SWIFT_COMPILATION_MODE = wholemodule;
				VALIDATE_PRODUCT = YES;
			};
			name = Release;
		};
		DBB7A2622CFDBFCE00B8995D /* Debug */ = {
			isa = XCBuildConfiguration;
			buildSettings = {
				ASSETCATALOG_COMPILER_APPICON_NAME = AppIcon;
				ASSETCATALOG_COMPILER_GLOBAL_ACCENT_COLOR_NAME = AccentColor;
				CODE_SIGN_STYLE = Automatic;
				CURRENT_PROJECT_VERSION = 1;
				DEVELOPMENT_ASSET_PATHS = "\"AITIOSTodo/Preview Content\"";
				ENABLE_PREVIEWS = YES;
				GENERATE_INFOPLIST_FILE = YES;
				INFOPLIST_KEY_UIApplicationSceneManifest_Generation = YES;
				INFOPLIST_KEY_UIApplicationSupportsIndirectInputEvents = YES;
				INFOPLIST_KEY_UILaunchScreen_Generation = YES;
				INFOPLIST_KEY_UISupportedInterfaceOrientations_iPad = "UIInterfaceOrientationPortrait UIInterfaceOrientationPortraitUpsideDown UIInterfaceOrientationLandscapeLeft UIInterfaceOrientationLandscapeRight";
				INFOPLIST_KEY_UISupportedInterfaceOrientations_iPhone = "UIInterfaceOrientationPortrait UIInterfaceOrientationLandscapeLeft UIInterfaceOrientationLandscapeRight";
				LD_RUNPATH_SEARCH_PATHS = (
					"$(inherited)",
					"@executable_path/Frameworks",
				);
				MARKETING_VERSION = 1.0;
				PRODUCT_BUNDLE_IDENTIFIER = hu.ait.aittodo.AITIOSTodo;
				PRODUCT_NAME = "$(TARGET_NAME)";
				SWIFT_EMIT_LOC_STRINGS = YES;
				SWIFT_VERSION = 5.0;
				TARGETED_DEVICE_FAMILY = "1,2";
			};
			name = Debug;
		};
		DBB7A2632CFDBFCE00B8995D /* Release */ = {
			isa = XCBuildConfiguration;
			buildSettings = {
				ASSETCATALOG_COMPILER_APPICON_NAME = AppIcon;
				ASSETCATALOG_COMPILER_GLOBAL_ACCENT_COLOR_NAME = AccentColor;
				CODE_SIGN_STYLE = Automatic;
				CURRENT_PROJECT_VERSION = 1;
				DEVELOPMENT_ASSET_PATHS = "\"AITIOSTodo/Preview Content\"";
				ENABLE_PREVIEWS = YES;
				GENERATE_INFOPLIST_FILE = YES;
				INFOPLIST_KEY_UIApplicationSceneManifest_Generation = YES;
				INFOPLIST_KEY_UIApplicationSupportsIndirectInputEvents = YES;
				INFOPLIST_KEY_UILaunchScreen_Generation = YES;
				INFOPLIST_KEY_UISupportedInterfaceOrientations_iPad = "UIInterfaceOrientationPortrait UIInterfaceOrientationPortraitUpsideDown UIInterfaceOrientationLandscapeLeft UIInterfaceOrientationLandscapeRight";
				INFOPLIST_KEY_UISupportedInterfaceOrientations_iPhone = "UIInterfaceOrientationPortrait UIInterfaceOrientationLandscapeLeft UIInterfaceOrientationLandscapeRight";
				LD_RUNPATH_SEARCH_PATHS = (
					"$(inherited)",
					"@executable_path/Frameworks",
				);
				MARKETING_VERSION = 1.0;
				PRODUCT_BUNDLE_IDENTIFIER = hu.ait.aittodo.AITIOSTodo;
				PRODUCT_NAME = "$(TARGET_NAME)";
				SWIFT_EMIT_LOC_STRINGS = YES;
				SWIFT_VERSION = 5.0;
				TARGETED_DEVICE_FAMILY = "1,2";
			};
			name = Release;
		};
		DBB7A2652CFDBFCE00B8995D /* Debug */ = {
			isa = XCBuildConfiguration;
			buildSettings = {
				BUNDLE_LOADER = "$(TEST_HOST)";
				CODE_SIGN_STYLE = Automatic;
				CURRENT_PROJECT_VERSION = 1;
				GENERATE_INFOPLIST_FILE = YES;
				IPHONEOS_DEPLOYMENT_TARGET = 18.1;
				MARKETING_VERSION = 1.0;
				PRODUCT_BUNDLE_IDENTIFIER = hu.ait.aittodo.AITIOSTodoTests;
				PRODUCT_NAME = "$(TARGET_NAME)";
				SWIFT_EMIT_LOC_STRINGS = NO;
				SWIFT_VERSION = 5.0;
				TARGETED_DEVICE_FAMILY = "1,2";
				TEST_HOST = "$(BUILT_PRODUCTS_DIR)/AITIOSTodo.app/$(BUNDLE_EXECUTABLE_FOLDER_PATH)/AITIOSTodo";
			};
			name = Debug;
		};
		DBB7A2662CFDBFCE00B8995D /* Release */ = {
			isa = XCBuildConfiguration;
			buildSettings = {
				BUNDLE_LOADER = "$(TEST_HOST)";
				CODE_SIGN_STYLE = Automatic;
				CURRENT_PROJECT_VERSION = 1;
				GENERATE_INFOPLIST_FILE = YES;
				IPHONEOS_DEPLOYMENT_TARGET = 18.1;
				MARKETING_VERSION = 1.0;
				PRODUCT_BUNDLE_IDENTIFIER = hu.ait.aittodo.AITIOSTodoTests;
				PRODUCT_NAME = "$(TARGET_NAME)";
				SWIFT_EMIT_LOC_STRINGS = NO;
				SWIFT_VERSION = 5.0;
				TARGETED_DEVICE_FAMILY = "1,2";
				TEST_HOST = "$(BUILT_PRODUCTS_DIR)/AITIOSTodo.app/$(BUNDLE_EXECUTABLE_FOLDER_PATH)/AITIOSTodo";
			};
			name = Release;
		};
		DBB7A2682CFDBFCE00B8995D /* Debug */ = {
			isa = XCBuildConfiguration;
			buildSettings = {
				CODE_SIGN_STYLE = Automatic;
				CURRENT_PROJECT_VERSION = 1;
				GENERATE_INFOPLIST_FILE = YES;
				MARKETING_VERSION = 1.0;
				PRODUCT_BUNDLE_IDENTIFIER = hu.ait.aittodo.AITIOSTodoUITests;
				PRODUCT_NAME = "$(TARGET_NAME)";
				SWIFT_EMIT_LOC_STRINGS = NO;
				SWIFT_VERSION = 5.0;
				TARGETED_DEVICE_FAMILY = "1,2";
				TEST_TARGET_NAME = AITIOSTodo;
			};
			name = Debug;
		};
		DBB7A2692CFDBFCE00B8995D /* Release */ = {
			isa = XCBuildConfiguration;
			buildSettings = {
				CODE_SIGN_STYLE = Automatic;
				CURRENT_PROJECT_VERSION = 1;
				GENERATE_INFOPLIST_FILE = YES;
				MARKETING_VERSION = 1.0;
				PRODUCT_BUNDLE_IDENTIFIER = hu.ait.aittodo.AITIOSTodoUITests;
				PRODUCT_NAME = "$(TARGET_NAME)";
				SWIFT_EMIT_LOC_STRINGS = NO;
				SWIFT_VERSION = 5.0;
				TARGETED_DEVICE_FAMILY = "1,2";
				TEST_TARGET_NAME = AITIOSTodo;
			};
			name = Release;
		};
/* End XCBuildConfiguration section */

/* Begin XCConfigurationList section */
		DBB7A2382CFDBFCC00B8995D /* Build configuration list for PBXProject "AITIOSTodo" */ = {
			isa = XCConfigurationList;
			buildConfigurations = (
				DBB7A25F2CFDBFCE00B8995D /* Debug */,
				DBB7A2602CFDBFCE00B8995D /* Release */,
			);
			defaultConfigurationIsVisible = 0;
			defaultConfigurationName = Release;
		};
		DBB7A2612CFDBFCE00B8995D /* Build configuration list for PBXNativeTarget "AITIOSTodo" */ = {
			isa = XCConfigurationList;
			buildConfigurations = (
				DBB7A2622CFDBFCE00B8995D /* Debug */,
				DBB7A2632CFDBFCE00B8995D /* Release */,
			);
			defaultConfigurationIsVisible = 0;
			defaultConfigurationName = Release;
		};
		DBB7A2642CFDBFCE00B8995D /* Build configuration list for PBXNativeTarget "AITIOSTodoTests" */ = {
			isa = XCConfigurationList;
			buildConfigurations = (
				DBB7A2652CFDBFCE00B8995D /* Debug */,
				DBB7A2662CFDBFCE00B8995D /* Release */,
			);
			defaultConfigurationIsVisible = 0;
			defaultConfigurationName = Release;
		};
		DBB7A2672CFDBFCE00B8995D /* Build configuration list for PBXNativeTarget "AITIOSTodoUITests" */ = {
			isa = XCConfigurationList;
			buildConfigurations = (
				DBB7A2682CFDBFCE00B8995D /* Debug */,
				DBB7A2692CFDBFCE00B8995D /* Release */,
			);
			defaultConfigurationIsVisible = 0;
			defaultConfigurationName = Release;
		};
/* End XCConfigurationList section */
	};
	rootObject = DBB7A2352CFDBFCC00B8995D /* Project object */;
}
